
Microsoft Visual Studio Solution File, Format Version 12.00
# Visual Studio 15
VisualStudioVersion = 15.0.26228.9
MinimumVisualStudioVersion = 10.0.40219.1
Project("{FAE04EC0-301F-11D3-BF4B-00C04F79EFBC}") = "Carros.Android", "Carros\Carros.Android\Carros.Android.csproj", "{7E1FBCA4-6754-4C40-ACC3-701B145FCAF0}"
EndProject
Project("{FAE04EC0-301F-11D3-BF4B-00C04F79EFBC}") = "Carros", "Carros\Carros\Carros.csproj", "{568F7270-AE45-4DFB-8E14-3EB42D010B11}"
EndProject
Global
	GlobalSection(SolutionConfigurationPlatforms) = preSolution
		Ad-Hoc|Any CPU = Ad-Hoc|Any CPU
		Ad-Hoc|ARM = Ad-Hoc|ARM
		Ad-Hoc|iPhone = Ad-Hoc|iPhone
		Ad-Hoc|iPhoneSimulator = Ad-Hoc|iPhoneSimulator
		Ad-Hoc|x64 = Ad-Hoc|x64
		Ad-Hoc|x86 = Ad-Hoc|x86
		AppStore|Any CPU = AppStore|Any CPU
		AppStore|ARM = AppStore|ARM
		AppStore|iPhone = AppStore|iPhone
		AppStore|iPhoneSimulator = AppStore|iPhoneSimulator
		AppStore|x64 = AppStore|x64
		AppStore|x86 = AppStore|x86
		Debug|Any CPU = Debug|Any CPU
		Debug|ARM = Debug|ARM
		Debug|iPhone = Debug|iPhone
		Debug|iPhoneSimulator = Debug|iPhoneSimulator
		Debug|x64 = Debug|x64
		Debug|x86 = Debug|x86
		Release|Any CPU = Release|Any CPU
		Release|ARM = Release|ARM
		Release|iPhone = Release|iPhone
		Release|iPhoneSimulator = Release|iPhoneSimulator
		Release|x64 = Release|x64
		Release|x86 = Release|x86
	EndGlobalSection
	GlobalSection(ProjectConfigurationPlatforms) = postSolution
		{7E1FBCA4-6754-4C40-ACC3-701B145FCAF0}.Ad-Hoc|Any CPU.ActiveCfg = Release|Any CPU
		{7E1FBCA4-6754-4C40-ACC3-701B145FCAF0}.Ad-Hoc|Any CPU.Build.0 = Release|Any CPU
		{7E1FBCA4-6754-4C40-ACC3-701B145FCAF0}.Ad-Hoc|Any CPU.Deploy.0 = Release|Any CPU
		{7E1FBCA4-6754-4C40-ACC3-701B145FCAF0}.Ad-Hoc|ARM.ActiveCfg = Release|Any CPU
		{7E1FBCA4-6754-4C40-ACC3-701B145FCAF0}.Ad-Hoc|ARM.Build.0 = Release|Any CPU
		{7E1FBCA4-6754-4C40-ACC3-701B145FCAF0}.Ad-Hoc|ARM.Deploy.0 = Release|Any CPU
		{7E1FBCA4-6754-4C40-ACC3-701B145FCAF0}.Ad-Hoc|iPhone.ActiveCfg = Release|Any CPU
		{7E1FBCA4-6754-4C40-ACC3-701B145FCAF0}.Ad-Hoc|iPhone.Build.0 = Release|Any CPU
		{7E1FBCA4-6754-4C40-ACC3-701B145FCAF0}.Ad-Hoc|iPhone.Deploy.0 = Release|Any CPU
		{7E1FBCA4-6754-4C40-ACC3-701B145FCAF0}.Ad-Hoc|iPhoneSimulator.ActiveCfg = Release|Any CPU
		{7E1FBCA4-6754-4C40-ACC3-701B145FCAF0}.Ad-Hoc|iPhoneSimulator.Build.0 = Release|Any CPU
		{7E1FBCA4-6754-4C40-ACC3-701B145FCAF0}.Ad-Hoc|iPhoneSimulator.Deploy.0 = Release|Any CPU
		{7E1FBCA4-6754-4C40-ACC3-701B145FCAF0}.Ad-Hoc|x64.ActiveCfg = Release|Any CPU
		{7E1FBCA4-6754-4C40-ACC3-701B145FCAF0}.Ad-Hoc|x64.Build.0 = Release|Any CPU
		{7E1FBCA4-6754-4C40-ACC3-701B145FCAF0}.Ad-Hoc|x64.Deploy.0 = Release|Any CPU
		{7E1FBCA4-6754-4C40-ACC3-701B145FCAF0}.Ad-Hoc|x86.ActiveCfg = Release|Any CPU
		{7E1FBCA4-6754-4C40-ACC3-701B145FCAF0}.Ad-Hoc|x86.Build.0 = Release|Any CPU
		{7E1FBCA4-6754-4C40-ACC3-701B145FCAF0}.Ad-Hoc|x86.Deploy.0 = Release|Any CPU
		{7E1FBCA4-6754-4C40-ACC3-701B145FCAF0}.AppStore|Any CPU.ActiveCfg = Release|Any CPU
		{7E1FBCA4-6754-4C40-ACC3-701B145FCAF0}.AppStore|Any CPU.Build.0 = Release|Any CPU
		{7E1FBCA4-6754-4C40-ACC3-701B145FCAF0}.AppStore|Any CPU.Deploy.0 = Release|Any CPU
		{7E1FBCA4-6754-4C40-ACC3-701B145FCAF0}.AppStore|ARM.ActiveCfg = Release|Any CPU
		{7E1FBCA4-6754-4C40-ACC3-701B145FCAF0}.AppStore|ARM.Build.0 = Release|Any CPU
		{7E1FBCA4-6754-4C40-ACC3-701B145FCAF0}.AppStore|ARM.Deploy.0 = Release|Any CPU
		{7E1FBCA4-6754-4C40-ACC3-701B145FCAF0}.AppStore|iPhone.ActiveCfg = Release|Any CPU
		{7E1FBCA4-6754-4C40-ACC3-701B145FCAF0}.AppStore|iPhone.Build.0 = Release|Any CPU
		{7E1FBCA4-6754-4C40-ACC3-701B145FCAF0}.AppStore|iPhone.Deploy.0 = Release|Any CPU
		{7E1FBCA4-6754-4C40-ACC3-701B145FCAF0}.AppStore|iPhoneSimulator.ActiveCfg = Release|Any CPU
		{7E1FBCA4-6754-4C40-ACC3-701B145FCAF0}.AppStore|iPhoneSimulator.Build.0 = Release|Any CPU
		{7E1FBCA4-6754-4C40-ACC3-701B145FCAF0}.AppStore|iPhoneSimulator.Deploy.0 = Release|Any CPU
		{7E1FBCA4-6754-4C40-ACC3-701B145FCAF0}.AppStore|x64.ActiveCfg = Release|Any CPU
		{7E1FBCA4-6754-4C40-ACC3-701B145FCAF0}.AppStore|x64.Build.0 = Release|Any CPU
		{7E1FBCA4-6754-4C40-ACC3-701B145FCAF0}.AppStore|x64.Deploy.0 = Release|Any CPU
		{7E1FBCA4-6754-4C40-ACC3-701B145FCAF0}.AppStore|x86.ActiveCfg = Release|Any CPU
		{7E1FBCA4-6754-4C40-ACC3-701B145FCAF0}.AppStore|x86.Build.0 = Release|Any CPU
		{7E1FBCA4-6754-4C40-ACC3-701B145FCAF0}.AppStore|x86.Deploy.0 = Release|Any CPU
		{7E1FBCA4-6754-4C40-ACC3-701B145FCAF0}.Debug|Any CPU.ActiveCfg = Debug|Any CPU
		{7E1FBCA4-6754-4C40-ACC3-701B145FCAF0}.Debug|Any CPU.Build.0 = Debug|Any CPU
		{7E1FBCA4-6754-4C40-ACC3-701B145FCAF0}.Debug|Any CPU.Deploy.0 = Debug|Any CPU
		{7E1FBCA4-6754-4C40-ACC3-701B145FCAF0}.Debug|ARM.ActiveCfg = Debug|Any CPU
		{7E1FBCA4-6754-4C40-ACC3-701B145FCAF0}.Debug|ARM.Build.0 = Debug|Any CPU
		{7E1FBCA4-6754-4C40-ACC3-701B145FCAF0}.Debug|ARM.Deploy.0 = Debug|Any CPU
		{7E1FBCA4-6754-4C40-ACC3-701B145FCAF0}.Debug|iPhone.ActiveCfg = Debug|Any CPU
		{7E1FBCA4-6754-4C40-ACC3-701B145FCAF0}.Debug|iPhone.Build.0 = Debug|Any CPU
		{7E1FBCA4-6754-4C40-ACC3-701B145FCAF0}.Debug|iPhone.Deploy.0 = Debug|Any CPU
		{7E1FBCA4-6754-4C40-ACC3-701B145FCAF0}.Debug|iPhoneSimulator.ActiveCfg = Debug|Any CPU
		{7E1FBCA4-6754-4C40-ACC3-701B145FCAF0}.Debug|iPhoneSimulator.Build.0 = Debug|Any CPU
		{7E1FBCA4-6754-4C40-ACC3-701B145FCAF0}.Debug|iPhoneSimulator.Deploy.0 = Debug|Any CPU
		{7E1FBCA4-6754-4C40-ACC3-701B145FCAF0}.Debug|x64.ActiveCfg = Debug|Any CPU
		{7E1FBCA4-6754-4C40-ACC3-701B145FCAF0}.Debug|x64.Build.0 = Debug|Any CPU
		{7E1FBCA4-6754-4C40-ACC3-701B145FCAF0}.Debug|x64.Deploy.0 = Debug|Any CPU
		{7E1FBCA4-6754-4C40-ACC3-701B145FCAF0}.Debug|x86.ActiveCfg = Debug|Any CPU
		{7E1FBCA4-6754-4C40-ACC3-701B145FCAF0}.Debug|x86.Build.0 = Debug|Any CPU
		{7E1FBCA4-6754-4C40-ACC3-701B145FCAF0}.Debug|x86.Deploy.0 = Debug|Any CPU
		{7E1FBCA4-6754-4C40-ACC3-701B145FCAF0}.Release|Any CPU.ActiveCfg = Release|Any CPU
		{7E1FBCA4-6754-4C40-ACC3-701B145FCAF0}.Release|Any CPU.Build.0 = Release|Any CPU
		{7E1FBCA4-6754-4C40-ACC3-701B145FCAF0}.Release|Any CPU.Deploy.0 = Release|Any CPU
		{7E1FBCA4-6754-4C40-ACC3-701B145FCAF0}.Release|ARM.ActiveCfg = Release|Any CPU
		{7E1FBCA4-6754-4C40-ACC3-701B145FCAF0}.Release|ARM.Build.0 = Release|Any CPU
		{7E1FBCA4-6754-4C40-ACC3-701B145FCAF0}.Release|ARM.Deploy.0 = Release|Any CPU
		{7E1FBCA4-6754-4C40-ACC3-701B145FCAF0}.Release|iPhone.ActiveCfg = Release|Any CPU
		{7E1FBCA4-6754-4C40-ACC3-701B145FCAF0}.Release|iPhone.Build.0 = Release|Any CPU
		{7E1FBCA4-6754-4C40-ACC3-701B145FCAF0}.Release|iPhone.Deploy.0 = Release|Any CPU
		{7E1FBCA4-6754-4C40-ACC3-701B145FCAF0}.Release|iPhoneSimulator.ActiveCfg = Release|Any CPU
		{7E1FBCA4-6754-4C40-ACC3-701B145FCAF0}.Release|iPhoneSimulator.Build.0 = Release|Any CPU
		{7E1FBCA4-6754-4C40-ACC3-701B145FCAF0}.Release|iPhoneSimulator.Deploy.0 = Release|Any CPU
		{7E1FBCA4-6754-4C40-ACC3-701B145FCAF0}.Release|x64.ActiveCfg = Release|Any CPU
		{7E1FBCA4-6754-4C40-ACC3-701B145FCAF0}.Release|x64.Build.0 = Release|Any CPU
		{7E1FBCA4-6754-4C40-ACC3-701B145FCAF0}.Release|x64.Deploy.0 = Release|Any CPU
		{7E1FBCA4-6754-4C40-ACC3-701B145FCAF0}.Release|x86.ActiveCfg = Release|Any CPU
		{7E1FBCA4-6754-4C40-ACC3-701B145FCAF0}.Release|x86.Build.0 = Release|Any CPU
		{7E1FBCA4-6754-4C40-ACC3-701B145FCAF0}.Release|x86.Deploy.0 = Release|Any CPU
		{568F7270-AE45-4DFB-8E14-3EB42D010B11}.Ad-Hoc|Any CPU.ActiveCfg = Release|Any CPU
		{568F7270-AE45-4DFB-8E14-3EB42D010B11}.Ad-Hoc|Any CPU.Build.0 = Release|Any CPU
		{568F7270-AE45-4DFB-8E14-3EB42D010B11}.Ad-Hoc|ARM.ActiveCfg = Release|Any CPU
		{568F7270-AE45-4DFB-8E14-3EB42D010B11}.Ad-Hoc|ARM.Build.0 = Release|Any CPU
		{568F7270-AE45-4DFB-8E14-3EB42D010B11}.Ad-Hoc|iPhone.ActiveCfg = Release|Any CPU
		{568F7270-AE45-4DFB-8E14-3EB42D010B11}.Ad-Hoc|iPhone.Build.0 = Release|Any CPU
		{568F7270-AE45-4DFB-8E14-3EB42D010B11}.Ad-Hoc|iPhoneSimulator.ActiveCfg = Release|Any CPU
		{568F7270-AE45-4DFB-8E14-3EB42D010B11}.Ad-Hoc|iPhoneSimulator.Build.0 = Release|Any CPU
		{568F7270-AE45-4DFB-8E14-3EB42D010B11}.Ad-Hoc|x64.ActiveCfg = Release|Any CPU
		{568F7270-AE45-4DFB-8E14-3EB42D010B11}.Ad-Hoc|x64.Build.0 = Release|Any CPU
		{568F7270-AE45-4DFB-8E14-3EB42D010B11}.Ad-Hoc|x86.ActiveCfg = Release|Any CPU
		{568F7270-AE45-4DFB-8E14-3EB42D010B11}.Ad-Hoc|x86.Build.0 = Release|Any CPU
		{568F7270-AE45-4DFB-8E14-3EB42D010B11}.AppStore|Any CPU.ActiveCfg = Release|Any CPU
		{568F7270-AE45-4DFB-8E14-3EB42D010B11}.AppStore|Any CPU.Build.0 = Release|Any CPU
		{568F7270-AE45-4DFB-8E14-3EB42D010B11}.AppStore|ARM.ActiveCfg = Release|Any CPU
		{568F7270-AE45-4DFB-8E14-3EB42D010B11}.AppStore|ARM.Build.0 = Release|Any CPU
		{568F7270-AE45-4DFB-8E14-3EB42D010B11}.AppStore|iPhone.ActiveCfg = Release|Any CPU
		{568F7270-AE45-4DFB-8E14-3EB42D010B11}.AppStore|iPhone.Build.0 = Release|Any CPU
		{568F7270-AE45-4DFB-8E14-3EB42D010B11}.AppStore|iPhoneSimulator.ActiveCfg = Release|Any CPU
		{568F7270-AE45-4DFB-8E14-3EB42D010B11}.AppStore|iPhoneSimulator.Build.0 = Release|Any CPU
		{568F7270-AE45-4DFB-8E14-3EB42D010B11}.AppStore|x64.ActiveCfg = Release|Any CPU
		{568F7270-AE45-4DFB-8E14-3EB42D010B11}.AppStore|x64.Build.0 = Release|Any CPU
		{568F7270-AE45-4DFB-8E14-3EB42D010B11}.AppStore|x86.ActiveCfg = Release|Any CPU
		{568F7270-AE45-4DFB-8E14-3EB42D010B11}.AppStore|x86.Build.0 = Release|Any CPU
		{568F7270-AE45-4DFB-8E14-3EB42D010B11}.Debug|Any CPU.ActiveCfg = Debug|Any CPU
		{568F7270-AE45-4DFB-8E14-3EB42D010B11}.Debug|Any CPU.Build.0 = Debug|Any CPU
		{568F7270-AE45-4DFB-8E14-3EB42D010B11}.Debug|ARM.ActiveCfg = Debug|Any CPU
		{568F7270-AE45-4DFB-8E14-3EB42D010B11}.Debug|ARM.Build.0 = Debug|Any CPU
		{568F7270-AE45-4DFB-8E14-3EB42D010B11}.Debug|iPhone.ActiveCfg = Debug|Any CPU
		{568F7270-AE45-4DFB-8E14-3EB42D010B11}.Debug|iPhone.Build.0 = Debug|Any CPU
		{568F7270-AE45-4DFB-8E14-3EB42D010B11}.Debug|iPhoneSimulator.ActiveCfg = Debug|Any CPU
		{568F7270-AE45-4DFB-8E14-3EB42D010B11}.Debug|iPhoneSimulator.Build.0 = Debug|Any CPU
		{568F7270-AE45-4DFB-8E14-3EB42D010B11}.Debug|x64.ActiveCfg = Debug|Any CPU
		{568F7270-AE45-4DFB-8E14-3EB42D010B11}.Debug|x64.Build.0 = Debug|Any CPU
		{568F7270-AE45-4DFB-8E14-3EB42D010B11}.Debug|x86.ActiveCfg = Debug|Any CPU
		{568F7270-AE45-4DFB-8E14-3EB42D010B11}.Debug|x86.Build.0 = Debug|Any CPU
		{568F7270-AE45-4DFB-8E14-3EB42D010B11}.Release|Any CPU.ActiveCfg = Release|Any CPU
		{568F7270-AE45-4DFB-8E14-3EB42D010B11}.Release|Any CPU.Build.0 = Release|Any CPU
		{568F7270-AE45-4DFB-8E14-3EB42D010B11}.Release|ARM.ActiveCfg = Release|Any CPU
		{568F7270-AE45-4DFB-8E14-3EB42D010B11}.Release|ARM.Build.0 = Release|Any CPU
		{568F7270-AE45-4DFB-8E14-3EB42D010B11}.Release|iPhone.ActiveCfg = Release|Any CPU
		{568F7270-AE45-4DFB-8E14-3EB42D010B11}.Release|iPhone.Build.0 = Release|Any CPU
		{568F7270-AE45-4DFB-8E14-3EB42D010B11}.Release|iPhoneSimulator.ActiveCfg = Release|Any CPU
		{568F7270-AE45-4DFB-8E14-3EB42D010B11}.Release|iPhoneSimulator.Build.0 = Release|Any CPU
		{568F7270-AE45-4DFB-8E14-3EB42D010B11}.Release|x64.ActiveCfg = Release|Any CPU
		{568F7270-AE45-4DFB-8E14-3EB42D010B11}.Release|x64.Build.0 = Release|Any CPU
		{568F7270-AE45-4DFB-8E14-3EB42D010B11}.Release|x86.ActiveCfg = Release|Any CPU
		{568F7270-AE45-4DFB-8E14-3EB42D010B11}.Release|x86.Build.0 = Release|Any CPU
	EndGlobalSection
	GlobalSection(SolutionProperties) = preSolution
		HideSolutionNode = FALSE
	EndGlobalSection
EndGlobal
